
Microsoft Visual Studio Solution File, Format Version 12.00
# Visual Studio 15
VisualStudioVersion = 15.0.28010.2036
MinimumVisualStudioVersion = 10.0.40219.1
Project("{FAE04EC0-301F-11D3-BF4B-00C04F79EFBC}") = "WeChatServer", "WeChatServer\WeChatServer.csproj", "{D3D876DB-E504-486E-AEF6-40893EB372D1}"
EndProject
Global
	GlobalSection(SolutionConfigurationPlatforms) = preSolution
		Debug|Any CPU = Debug|Any CPU
		Release|Any CPU = Release|Any CPU
	EndGlobalSection
	GlobalSection(ProjectConfigurationPlatforms) = postSolution
		{D3D876DB-E504-486E-AEF6-40893EB372D1}.Debug|Any CPU.ActiveCfg = Debug|Any CPU
		{D3D876DB-E504-486E-AEF6-40893EB372D1}.Debug|Any CPU.Build.0 = Debug|Any CPU
		{D3D876DB-E504-486E-AEF6-40893EB372D1}.Release|Any CPU.ActiveCfg = Release|Any CPU
		{D3D876DB-E504-486E-AEF6-40893EB372D1}.Release|Any CPU.Build.0 = Release|Any CPU
	EndGlobalSection
	GlobalSection(SolutionProperties) = preSolution
		HideSolutionNode = FALSE
	EndGlobalSection
	GlobalSection(ExtensibilityGlobals) = postSolution
		SolutionGuid = {176DFACE-5B20-4D03-A291-E417646E5ABC}
	EndGlobalSection
EndGlobal
